
Microsoft Visual Studio Solution File, Format Version 12.00
# Visual Studio Version 16
VisualStudioVersion = 16.0.31019.35
MinimumVisualStudioVersion = 10.0.40219.1
Project("{FAE04EC0-301F-11D3-BF4B-00C04F79EFBC}") = "Bolnica", "vezba\Bolnica.csproj", "{EBA1FA7D-DED0-404D-BDEA-F681C3A6757B}"
EndProject
Global
	GlobalSection(SolutionConfigurationPlatforms) = preSolution
		Debug|Any CPU = Debug|Any CPU
		Release|Any CPU = Release|Any CPU
	EndGlobalSection
	GlobalSection(ProjectConfigurationPlatforms) = postSolution
		{EBA1FA7D-DED0-404D-BDEA-F681C3A6757B}.Debug|Any CPU.ActiveCfg = Debug|Any CPU
		{EBA1FA7D-DED0-404D-BDEA-F681C3A6757B}.Debug|Any CPU.Build.0 = Debug|Any CPU
		{EBA1FA7D-DED0-404D-BDEA-F681C3A6757B}.Release|Any CPU.ActiveCfg = Release|Any CPU
		{EBA1FA7D-DED0-404D-BDEA-F681C3A6757B}.Release|Any CPU.Build.0 = Release|Any CPU
	EndGlobalSection
	GlobalSection(SolutionProperties) = preSolution
		HideSolutionNode = FALSE
	EndGlobalSection
	GlobalSection(ExtensibilityGlobals) = postSolution
		SolutionGuid = {BBF9396C-E7EE-4A41-A32A-1F2516EADADC}
	EndGlobalSection
EndGlobal
